
Microsoft Visual Studio Solution File, Format Version 12.00
# Visual Studio Version 17
VisualStudioVersion = 17.13.35931.197 d17.13
MinimumVisualStudioVersion = 10.0.40219.1
Project("{FAE04EC0-301F-11D3-BF4B-00C04F79EFBC}") = "GiaoBanTrucNOC", "GiaoBanTrucNOC\GiaoBanTrucNOC.csproj", "{A733593C-E0D5-496C-B135-7B75B7518136}"
EndProject
Global
	GlobalSection(SolutionConfigurationPlatforms) = preSolution
		Debug|Any CPU = Debug|Any CPU
		Release|Any CPU = Release|Any CPU
	EndGlobalSection
	GlobalSection(ProjectConfigurationPlatforms) = postSolution
		{A733593C-E0D5-496C-B135-7B75B7518136}.Debug|Any CPU.ActiveCfg = Debug|Any CPU
		{A733593C-E0D5-496C-B135-7B75B7518136}.Debug|Any CPU.Build.0 = Debug|Any CPU
		{A733593C-E0D5-496C-B135-7B75B7518136}.Release|Any CPU.ActiveCfg = Release|Any CPU
		{A733593C-E0D5-496C-B135-7B75B7518136}.Release|Any CPU.Build.0 = Release|Any CPU
	EndGlobalSection
	GlobalSection(SolutionProperties) = preSolution
		HideSolutionNode = FALSE
	EndGlobalSection
	GlobalSection(ExtensibilityGlobals) = postSolution
		SolutionGuid = {0D284582-A7B8-4063-AE47-5D9F5C969034}
	EndGlobalSection
EndGlobal
